
Microsoft Visual Studio Solution File, Format Version 12.00
# Visual Studio Version 17
VisualStudioVersion = 17.12.35527.113
MinimumVisualStudioVersion = 10.0.40219.1
Project("{FAE04EC0-301F-11D3-BF4B-00C04F79EFBC}") = "Product.Api", "Product.Api\Product.Api.csproj", "{809F7F43-7DB7-4700-8799-D96AFD9A347C}"
EndProject
Project("{FAE04EC0-301F-11D3-BF4B-00C04F79EFBC}") = "Swagger.Extensions", "Swagger.Extensions\Swagger.Extensions.csproj", "{D521A467-E402-4002-93E9-95AA999E9A41}"
EndProject
Project("{FAE04EC0-301F-11D3-BF4B-00C04F79EFBC}") = "Auth.Extensions", "Auth.Extensions\Auth.Extensions.csproj", "{0EA1EFFA-398C-4B1B-A311-0552387DBAE0}"
EndProject
Project("{FAE04EC0-301F-11D3-BF4B-00C04F79EFBC}") = "Exceptions", "Exceptions\Exceptions.csproj", "{DD18757B-32E5-42EA-8D75-1B15E708776F}"
EndProject
Global
	GlobalSection(SolutionConfigurationPlatforms) = preSolution
		Debug|Any CPU = Debug|Any CPU
		Release|Any CPU = Release|Any CPU
	EndGlobalSection
	GlobalSection(ProjectConfigurationPlatforms) = postSolution
		{809F7F43-7DB7-4700-8799-D96AFD9A347C}.Debug|Any CPU.ActiveCfg = Debug|Any CPU
		{809F7F43-7DB7-4700-8799-D96AFD9A347C}.Debug|Any CPU.Build.0 = Debug|Any CPU
		{809F7F43-7DB7-4700-8799-D96AFD9A347C}.Release|Any CPU.ActiveCfg = Release|Any CPU
		{809F7F43-7DB7-4700-8799-D96AFD9A347C}.Release|Any CPU.Build.0 = Release|Any CPU
		{D521A467-E402-4002-93E9-95AA999E9A41}.Debug|Any CPU.ActiveCfg = Debug|Any CPU
		{D521A467-E402-4002-93E9-95AA999E9A41}.Debug|Any CPU.Build.0 = Debug|Any CPU
		{D521A467-E402-4002-93E9-95AA999E9A41}.Release|Any CPU.ActiveCfg = Release|Any CPU
		{D521A467-E402-4002-93E9-95AA999E9A41}.Release|Any CPU.Build.0 = Release|Any CPU
		{0EA1EFFA-398C-4B1B-A311-0552387DBAE0}.Debug|Any CPU.ActiveCfg = Debug|Any CPU
		{0EA1EFFA-398C-4B1B-A311-0552387DBAE0}.Debug|Any CPU.Build.0 = Debug|Any CPU
		{0EA1EFFA-398C-4B1B-A311-0552387DBAE0}.Release|Any CPU.ActiveCfg = Release|Any CPU
		{0EA1EFFA-398C-4B1B-A311-0552387DBAE0}.Release|Any CPU.Build.0 = Release|Any CPU
		{DD18757B-32E5-42EA-8D75-1B15E708776F}.Debug|Any CPU.ActiveCfg = Debug|Any CPU
		{DD18757B-32E5-42EA-8D75-1B15E708776F}.Debug|Any CPU.Build.0 = Debug|Any CPU
		{DD18757B-32E5-42EA-8D75-1B15E708776F}.Release|Any CPU.ActiveCfg = Release|Any CPU
		{DD18757B-32E5-42EA-8D75-1B15E708776F}.Release|Any CPU.Build.0 = Release|Any CPU
	EndGlobalSection
	GlobalSection(SolutionProperties) = preSolution
		HideSolutionNode = FALSE
	EndGlobalSection
EndGlobal
